Microsoft Visual Studio Solution File, Format Version 11.00
# Visual Studio 2008

Project("{7D5E75B0-5C5C-117A-90A9-49E89C3038DD}") = "beta v3.14", "Assembly-CSharp-firstpass.csproj", "{300E5E8F-B1D0-2D0C-3BF3-5CEA565F0110}"
EndProject
Project("{7D5E75B0-5C5C-117A-90A9-49E89C3038DD}") = "beta v3.14", "Assembly-CSharp.csproj", "{760C6DC0-9368-2DB4-8531-66E22945BA74}"
EndProject
Project("{7D5E75B0-5C5C-117A-90A9-49E89C3038DD}") = "beta v3.14", "Assembly-CSharp-Editor.csproj", "{6D187055-9C95-5A1C-AA1D-A223B58747C6}"
EndProject
Global
	GlobalSection(SolutionConfigurationPlatforms) = preSolution
		Debug|Any CPU = Debug|Any CPU
		Release|Any CPU = Release|Any CPU
	EndGlobalSection
	GlobalSection(ProjectConfigurationPlatforms) = postSolution
		{300E5E8F-B1D0-2D0C-3BF3-5CEA565F0110}.Debug|Any CPU.ActiveCfg = Debug|Any CPU
		{300E5E8F-B1D0-2D0C-3BF3-5CEA565F0110}.Debug|Any CPU.Build.0 = Debug|Any CPU
		{300E5E8F-B1D0-2D0C-3BF3-5CEA565F0110}.Release|Any CPU.ActiveCfg = Release|Any CPU
		{300E5E8F-B1D0-2D0C-3BF3-5CEA565F0110}.Release|Any CPU.Build.0 = Release|Any CPU
		{760C6DC0-9368-2DB4-8531-66E22945BA74}.Debug|Any CPU.ActiveCfg = Debug|Any CPU
		{760C6DC0-9368-2DB4-8531-66E22945BA74}.Debug|Any CPU.Build.0 = Debug|Any CPU
		{760C6DC0-9368-2DB4-8531-66E22945BA74}.Release|Any CPU.ActiveCfg = Release|Any CPU
		{760C6DC0-9368-2DB4-8531-66E22945BA74}.Release|Any CPU.Build.0 = Release|Any CPU
		{6D187055-9C95-5A1C-AA1D-A223B58747C6}.Debug|Any CPU.ActiveCfg = Debug|Any CPU
		{6D187055-9C95-5A1C-AA1D-A223B58747C6}.Debug|Any CPU.Build.0 = Debug|Any CPU
		{6D187055-9C95-5A1C-AA1D-A223B58747C6}.Release|Any CPU.ActiveCfg = Release|Any CPU
		{6D187055-9C95-5A1C-AA1D-A223B58747C6}.Release|Any CPU.Build.0 = Release|Any CPU
	EndGlobalSection
	GlobalSection(SolutionProperties) = preSolution
		HideSolutionNode = FALSE
	EndGlobalSection
	GlobalSection(MonoDevelopProperties) = preSolution
		StartupItem = Assembly-CSharp.csproj
	EndGlobalSection
EndGlobal
