Microsoft Visual Studio Solution File, Format Version 11.00
# Visual Studio 2008

Project("{449067CE-702E-56AB-EE62-126B4C626D89}") = "Throwing Mechanics Test", "Assembly-CSharp-firstpass.csproj", "{9C7C4404-376F-1EDC-EA2C-5694F57A1966}"
EndProject
Project("{449067CE-702E-56AB-EE62-126B4C626D89}") = "Throwing Mechanics Test", "Assembly-CSharp.csproj", "{594F26E6-F66C-3ECD-6933-EDAB7EFB3131}"
EndProject
Project("{449067CE-702E-56AB-EE62-126B4C626D89}") = "Throwing Mechanics Test", "Assembly-CSharp-Editor.csproj", "{AAD085BB-F970-44E4-EF0C-EAA8D97D57F6}"
EndProject
Global
	GlobalSection(SolutionConfigurationPlatforms) = preSolution
		Debug|Any CPU = Debug|Any CPU
		Release|Any CPU = Release|Any CPU
	EndGlobalSection
	GlobalSection(ProjectConfigurationPlatforms) = postSolution
		{9C7C4404-376F-1EDC-EA2C-5694F57A1966}.Debug|Any CPU.ActiveCfg = Debug|Any CPU
		{9C7C4404-376F-1EDC-EA2C-5694F57A1966}.Debug|Any CPU.Build.0 = Debug|Any CPU
		{9C7C4404-376F-1EDC-EA2C-5694F57A1966}.Release|Any CPU.ActiveCfg = Release|Any CPU
		{9C7C4404-376F-1EDC-EA2C-5694F57A1966}.Release|Any CPU.Build.0 = Release|Any CPU
		{594F26E6-F66C-3ECD-6933-EDAB7EFB3131}.Debug|Any CPU.ActiveCfg = Debug|Any CPU
		{594F26E6-F66C-3ECD-6933-EDAB7EFB3131}.Debug|Any CPU.Build.0 = Debug|Any CPU
		{594F26E6-F66C-3ECD-6933-EDAB7EFB3131}.Release|Any CPU.ActiveCfg = Release|Any CPU
		{594F26E6-F66C-3ECD-6933-EDAB7EFB3131}.Release|Any CPU.Build.0 = Release|Any CPU
		{AAD085BB-F970-44E4-EF0C-EAA8D97D57F6}.Debug|Any CPU.ActiveCfg = Debug|Any CPU
		{AAD085BB-F970-44E4-EF0C-EAA8D97D57F6}.Debug|Any CPU.Build.0 = Debug|Any CPU
		{AAD085BB-F970-44E4-EF0C-EAA8D97D57F6}.Release|Any CPU.ActiveCfg = Release|Any CPU
		{AAD085BB-F970-44E4-EF0C-EAA8D97D57F6}.Release|Any CPU.Build.0 = Release|Any CPU
	EndGlobalSection
	GlobalSection(SolutionProperties) = preSolution
		HideSolutionNode = FALSE
	EndGlobalSection
	GlobalSection(MonoDevelopProperties) = preSolution
		StartupItem = Assembly-CSharp.csproj
	EndGlobalSection
EndGlobal
