
Microsoft Visual Studio Solution File, Format Version 12.00
# Visual Studio 2015
Project("{FAE04EC0-301F-11D3-BF4B-00C04F79EFBC}") = "beta v3.14.CSharp.Plugins", "beta v3.14.CSharp.Plugins.csproj", "{4FE8D0AA-EB57-5BAD-C705-4A18767A7F30}"
EndProject
Project("{FAE04EC0-301F-11D3-BF4B-00C04F79EFBC}") = "beta v3.14.CSharp", "beta v3.14.CSharp.csproj", "{3BA156F4-5707-2CA9-169A-1BBCE2E520FC}"
EndProject
Project("{FAE04EC0-301F-11D3-BF4B-00C04F79EFBC}") = "beta v3.14.CSharp.Editor", "beta v3.14.CSharp.Editor.csproj", "{B736D48A-BB27-9F69-86E7-FE6C638558D0}"
EndProject
Global
	GlobalSection(SolutionConfigurationPlatforms) = preSolution
		Debug|Any CPU = Debug|Any CPU
		Release|Any CPU = Release|Any CPU
	EndGlobalSection
	GlobalSection(ProjectConfigurationPlatforms) = postSolution
		{4FE8D0AA-EB57-5BAD-C705-4A18767A7F30}.Debug|Any CPU.ActiveCfg = Debug|Any CPU
		{4FE8D0AA-EB57-5BAD-C705-4A18767A7F30}.Debug|Any CPU.Build.0 = Debug|Any CPU
		{4FE8D0AA-EB57-5BAD-C705-4A18767A7F30}.Release|Any CPU.ActiveCfg = Release|Any CPU
		{4FE8D0AA-EB57-5BAD-C705-4A18767A7F30}.Release|Any CPU.Build.0 = Release|Any CPU
		{3BA156F4-5707-2CA9-169A-1BBCE2E520FC}.Debug|Any CPU.ActiveCfg = Debug|Any CPU
		{3BA156F4-5707-2CA9-169A-1BBCE2E520FC}.Debug|Any CPU.Build.0 = Debug|Any CPU
		{3BA156F4-5707-2CA9-169A-1BBCE2E520FC}.Release|Any CPU.ActiveCfg = Release|Any CPU
		{3BA156F4-5707-2CA9-169A-1BBCE2E520FC}.Release|Any CPU.Build.0 = Release|Any CPU
		{B736D48A-BB27-9F69-86E7-FE6C638558D0}.Debug|Any CPU.ActiveCfg = Debug|Any CPU
		{B736D48A-BB27-9F69-86E7-FE6C638558D0}.Debug|Any CPU.Build.0 = Debug|Any CPU
		{B736D48A-BB27-9F69-86E7-FE6C638558D0}.Release|Any CPU.ActiveCfg = Release|Any CPU
		{B736D48A-BB27-9F69-86E7-FE6C638558D0}.Release|Any CPU.Build.0 = Release|Any CPU
	EndGlobalSection
	GlobalSection(SolutionProperties) = preSolution
		HideSolutionNode = FALSE
	EndGlobalSection
EndGlobal
