
Microsoft Visual Studio Solution File, Format Version 12.00
# Visual Studio 2015
Project("{FAE04EC0-301F-11D3-BF4B-00C04F79EFBC}") = "vish.CSharp.Plugins", "vish.CSharp.Plugins.csproj", "{EBE3C4DC-1C4F-5D9F-D64B-A102EABCC4F2}"
EndProject
Project("{FAE04EC0-301F-11D3-BF4B-00C04F79EFBC}") = "vish.CSharp", "vish.CSharp.csproj", "{11654339-4946-A9A1-BF97-ECE4A78356DB}"
EndProject
Project("{FAE04EC0-301F-11D3-BF4B-00C04F79EFBC}") = "vish.CSharp.Editor", "vish.CSharp.Editor.csproj", "{51F25957-2B6C-D3C5-04AF-FA818988BE30}"
EndProject
Global
	GlobalSection(SolutionConfigurationPlatforms) = preSolution
		Debug|Any CPU = Debug|Any CPU
		Release|Any CPU = Release|Any CPU
	EndGlobalSection
	GlobalSection(ProjectConfigurationPlatforms) = postSolution
		{EBE3C4DC-1C4F-5D9F-D64B-A102EABCC4F2}.Debug|Any CPU.ActiveCfg = Debug|Any CPU
		{EBE3C4DC-1C4F-5D9F-D64B-A102EABCC4F2}.Debug|Any CPU.Build.0 = Debug|Any CPU
		{EBE3C4DC-1C4F-5D9F-D64B-A102EABCC4F2}.Release|Any CPU.ActiveCfg = Release|Any CPU
		{EBE3C4DC-1C4F-5D9F-D64B-A102EABCC4F2}.Release|Any CPU.Build.0 = Release|Any CPU
		{11654339-4946-A9A1-BF97-ECE4A78356DB}.Debug|Any CPU.ActiveCfg = Debug|Any CPU
		{11654339-4946-A9A1-BF97-ECE4A78356DB}.Debug|Any CPU.Build.0 = Debug|Any CPU
		{11654339-4946-A9A1-BF97-ECE4A78356DB}.Release|Any CPU.ActiveCfg = Release|Any CPU
		{11654339-4946-A9A1-BF97-ECE4A78356DB}.Release|Any CPU.Build.0 = Release|Any CPU
		{51F25957-2B6C-D3C5-04AF-FA818988BE30}.Debug|Any CPU.ActiveCfg = Debug|Any CPU
		{51F25957-2B6C-D3C5-04AF-FA818988BE30}.Debug|Any CPU.Build.0 = Debug|Any CPU
		{51F25957-2B6C-D3C5-04AF-FA818988BE30}.Release|Any CPU.ActiveCfg = Release|Any CPU
		{51F25957-2B6C-D3C5-04AF-FA818988BE30}.Release|Any CPU.Build.0 = Release|Any CPU
	EndGlobalSection
	GlobalSection(SolutionProperties) = preSolution
		HideSolutionNode = FALSE
	EndGlobalSection
EndGlobal
